// !$*UTF8*$!
{
	archiveVersion = 1;
	classes = {
	};
	objectVersion = 46;
	objects = {

/* Begin PBXBuildFile section */
		AE36E78A1C208AB900C17AE3 /* count.cpp in Sources */ = {isa = PBXBuildFile; fileRef = AE36E7881C208AB900C17AE3 /* count.cpp */; };
		AEF986A01C1E42B500241772 /* main.cpp in Sources */ = {isa = PBXBuildFile; fileRef = AEF9869F1C1E42B500241772 /* main.cpp */; };
/* End PBXBuildFile section */

/* Begin PBXCopyFilesBuildPhase section */
		AEF9869A1C1E42B500241772 /* CopyFiles */ = {
			isa = PBXCopyFilesBuildPhase;
			buildActionMask = 2147483647;
			dstPath = /usr/share/man/man1/;
			dstSubfolderSpec = 0;
			files = (
			);
			runOnlyForDeploymentPostprocessing = 1;
		};
/* End PBXCopyFilesBuildPhase section */

/* Begin PBXFileReference section */
		AE36E7881C208AB900C17AE3 /* count.cpp */ = {isa = PBXFileReference; fileEncoding = 4; lastKnownFileType = sourcecode.cpp.cpp; path = count.cpp; sourceTree = "<group>"; };
		AE36E7891C208AB900C17AE3 /* count.hpp */ = {isa = PBXFileReference; fileEncoding = 4; lastKnownFileType = sourcecode.cpp.h; path = count.hpp; sourceTree = "<group>"; };
		AEF9869C1C1E42B500241772 /* Generate Parentheses */ = {isa = PBXFileReference; explicitFileType = "compiled.mach-o.executable"; includeInIndex = 0; path = "Generate Parentheses"; sourceTree = BUILT_PRODUCTS_DIR; };
		AEF9869F1C1E42B500241772 /* main.cpp */ = {isa = PBXFileReference; lastKnownFileType = sourcecode.cpp.cpp; path = main.cpp; sourceTree = "<group>"; };
/* End PBXFileReference section */

/* Begin PBXFrameworksBuildPhase section */
		AEF986991C1E42B500241772 /* Frameworks */ = {
			isa = PBXFrameworksBuildPhase;
			buildActionMask = 2147483647;
			files = (
			);
			runOnlyForDeploymentPostprocessing = 0;
		};
/* End PBXFrameworksBuildPhase section */

/* Begin PBXGroup section */
		AEF986931C1E42B500241772 = {
			isa = PBXGroup;
			children = (
				AEF9869E1C1E42B500241772 /* Generate Parentheses */,
				AEF9869D1C1E42B500241772 /* Products */,
			);
			sourceTree = "<group>";
		};
		AEF9869D1C1E42B500241772 /* Products */ = {
			isa = PBXGroup;
			children = (
				AEF9869C1C1E42B500241772 /* Generate Parentheses */,
			);
			name = Products;
			sourceTree = "<group>";
		};
		AEF9869E1C1E42B500241772 /* Generate Parentheses */ = {
			isa = PBXGroup;
			children = (
				AEF9869F1C1E42B500241772 /* main.cpp */,
				AE36E7881C208AB900C17AE3 /* count.cpp */,
				AE36E7891C208AB900C17AE3 /* count.hpp */,
			);
			path = "Generate Parentheses";
			sourceTree = "<group>";
		};
/* End PBXGroup section */

/* Begin PBXNativeTarget section */
		AEF9869B1C1E42B500241772 /* Generate Parentheses */ = {
			isa = PBXNativeTarget;
			buildConfigurationList = AEF986A31C1E42B500241772 /* Build configuration list for PBXNativeTarget "Generate Parentheses" */;
			buildPhases = (
				AEF986981C1E42B500241772 /* Sources */,
				AEF986991C1E42B500241772 /* Frameworks */,
				AEF9869A1C1E42B500241772 /* CopyFiles */,
			);
			buildRules = (
			);
			dependencies = (
			);
			name = "Generate Parentheses";
			productName = "Generate Parentheses";
			productReference = AEF9869C1C1E42B500241772 /* Generate Parentheses */;
			productType = "com.apple.product-type.tool";
		};
/* End PBXNativeTarget section */

/* Begin PBXProject section */
		AEF986941C1E42B500241772 /* Project object */ = {
			isa = PBXProject;
			attributes = {
				LastUpgradeCheck = 0720;
				ORGANIZATIONNAME = "Wenjie Zhang";
				TargetAttributes = {
					AEF9869B1C1E42B500241772 = {
						CreatedOnToolsVersion = 7.2;
					};
				};
			};
			buildConfigurationList = AEF986971C1E42B500241772 /* Build configuration list for PBXProject "Generate Parentheses" */;
			compatibilityVersion = "Xcode 3.2";
			developmentRegion = English;
			hasScannedForEncodings = 0;
			knownRegions = (
				en,
			);
			mainGroup = AEF986931C1E42B500241772;
			productRefGroup = AEF9869D1C1E42B500241772 /* Products */;
			projectDirPath = "";
			projectRoot = "";
			targets = (
				AEF9869B1C1E42B500241772 /* Generate Parentheses */,
			);
		};
/* End PBXProject section */

/* Begin PBXSourcesBuildPhase section */
		AEF986981C1E42B500241772 /* Sources */ = {
			isa = PBXSourcesBuildPhase;
			buildActionMask = 2147483647;
			files = (
				AEF986A01C1E42B500241772 /* main.cpp in Sources */,
				AE36E78A1C208AB900C17AE3 /* count.cpp in Sources */,
			);
			runOnlyForDeploymentPostprocessing = 0;
		};
/* End PBXSourcesBuildPhase section */

/* Begin XCBuildConfiguration section */
		AEF986A11C1E42B500241772 /* Debug */ = {
			isa = XCBuildConfiguration;
			buildSettings = {
				ALWAYS_SEARCH_USER_PATHS = NO;
				CLANG_CXX_LANGUAGE_STANDARD = "gnu++0x";
				CLANG_CXX_LIBRARY = "libc++";
				CLANG_ENABLE_MODULES = YES;
				CLANG_ENABLE_OBJC_ARC = YES;
				CLANG_WARN_BOOL_CONVERSION = YES;
				CLANG_WARN_CONSTANT_CONVERSION = YES;
				CLANG_WARN_DIRECT_OBJC_ISA_USAGE = YES_ERROR;
				CLANG_WARN_EMPTY_BODY = YES;
				CLANG_WARN_ENUM_CONVERSION = YES;
				CLANG_WARN_INT_CONVERSION = YES;
				CLANG_WARN_OBJC_ROOT_CLASS = YES_ERROR;
				CLANG_WARN_UNREACHABLE_CODE = YES;
				CLANG_WARN__DUPLICATE_METHOD_MATCH = YES;
				CODE_SIGN_IDENTITY = "-";
				COPY_PHASE_STRIP = NO;
				DEBUG_INFORMATION_FORMAT = dwarf;
				ENABLE_STRICT_OBJC_MSGSEND = YES;
				ENABLE_TESTABILITY = YES;
				GCC_C_LANGUAGE_STANDARD = gnu99;
				GCC_DYNAMIC_NO_PIC = NO;
				GCC_NO_COMMON_BLOCKS = YES;
				GCC_OPTIMIZATION_LEVEL = 0;
				GCC_PREPROCESSOR_DEFINITIONS = (
					"DEBUG=1",
					"$(inherited)",
				);
				GCC_WARN_64_TO_32_BIT_CONVERSION = YES;
				GCC_WARN_ABOUT_RETURN_TYPE = YES_ERROR;
				GCC_WARN_UNDECLARED_SELECTOR = YES;
				GCC_WARN_UNINITIALIZED_AUTOS = YES_AGGRESSIVE;
				GCC_WARN_UNUSED_FUNCTION = YES;
				GCC_WARN_UNUSED_VARIABLE = YES;
				MACOSX_DEPLOYMENT_TARGET = 10.11;
				MTL_ENABLE_DEBUG_INFO = YES;
				ONLY_ACTIVE_ARCH = YES;
				SDKROOT = macosx;
			};
			name = Debug;
		};
		AEF986A21C1E42B500241772 /* Release */ = {
			isa = XCBuildConfiguration;
			buildSettings = {
				ALWAYS_SEARCH_USER_PATHS = NO;
				CLANG_CXX_LANGUAGE_STANDARD = "gnu++0x";
				CLANG_CXX_LIBRARY = "libc++";
				CLANG_ENABLE_MODULES = YES;
				CLANG_ENABLE_OBJC_ARC = YES;
				CLANG_WARN_BOOL_CONVERSION = YES;
				CLANG_WARN_CONSTANT_CONVERSION = YES;
				CLANG_WARN_DIRECT_OBJC_ISA_USAGE = YES_ERROR;
				CLANG_WARN_EMPTY_BODY = YES;
				CLANG_WARN_ENUM_CONVERSION = YES;
				CLANG_WARN_INT_CONVERSION = YES;
				CLANG_WARN_OBJC_ROOT_CLASS = YES_ERROR;
				CLANG_WARN_UNREACHABLE_CODE = YES;
				CLANG_WARN__DUPLICATE_METHOD_MATCH = YES;
				CODE_SIGN_IDENTITY = "-";
				COPY_PHASE_STRIP = NO;
				DEBUG_INFORMATION_FORMAT = "dwarf-with-dsym";
				ENABLE_NS_ASSERTIONS = NO;
				ENABLE_STRICT_OBJC_MSGSEND = YES;
				GCC_C_LANGUAGE_STANDARD = gnu99;
				GCC_NO_COMMON_BLOCKS = YES;
				GCC_WARN_64_TO_32_BIT_CONVERSION = YES;
				GCC_WARN_ABOUT_RETURN_TYPE = YES_ERROR;
				GCC_WARN_UNDECLARED_SELECTOR = YES;
				GCC_WARN_UNINITIALIZED_AUTOS = YES_AGGRESSIVE;
				GCC_WARN_UNUSED_FUNCTION = YES;
				GCC_WARN_UNUSED_VARIABLE = YES;
				MACOSX_DEPLOYMENT_TARGET = 10.11;
				MTL_ENABLE_DEBUG_INFO = NO;
				SDKROOT = macosx;
			};
			name = Release;
		};
		AEF986A41C1E42B500241772 /* Debug */ = {
			isa = XCBuildConfiguration;
			buildSettings = {
				PRODUCT_NAME = "$(TARGET_NAME)";
			};
			name = Debug;
		};
		AEF986A51C1E42B500241772 /* Release */ = {
			isa = XCBuildConfiguration;
			buildSettings = {
				PRODUCT_NAME = "$(TARGET_NAME)";
			};
			name = Release;
		};
/* End XCBuildConfiguration section */

/* Begin XCConfigurationList section */
		AEF986971C1E42B500241772 /* Build configuration list for PBXProject "Generate Parentheses" */ = {
			isa = XCConfigurationList;
			buildConfigurations = (
				AEF986A11C1E42B500241772 /* Debug */,
				AEF986A21C1E42B500241772 /* Release */,
			);
			defaultConfigurationIsVisible = 0;
			defaultConfigurationName = Release;
		};
		AEF986A31C1E42B500241772 /* Build configuration list for PBXNativeTarget "Generate Parentheses" */ = {
			isa = XCConfigurationList;
			buildConfigurations = (
				AEF986A41C1E42B500241772 /* Debug */,
				AEF986A51C1E42B500241772 /* Release */,
			);
			defaultConfigurationIsVisible = 0;
			defaultConfigurationName = Release;
		};
/* End XCConfigurationList section */
	};
	rootObject = AEF986941C1E42B500241772 /* Project object */;
}
